
Microsoft Visual Studio Solution File, Format Version 12.00
# Visual Studio 14
VisualStudioVersion = 14.0.25420.1
MinimumVisualStudioVersion = 10.0.40219.1
Project("{FAE04EC0-301F-11D3-BF4B-00C04F79EFBC}") = "WeatherApp.Droid", "WeatherApp\WeatherApp.Droid\WeatherApp.Droid.csproj", "{B425ECD7-AFA3-43F2-93D0-05055A9867C2}"
EndProject
Project("{FAE04EC0-301F-11D3-BF4B-00C04F79EFBC}") = "WeatherApp", "WeatherApp\WeatherApp\WeatherApp.csproj", "{6C871F12-A23B-4974-A3AB-5CBB9D642E41}"
EndProject
Project("{FAE04EC0-301F-11D3-BF4B-00C04F79EFBC}") = "WeatherApp.GTK", "WeatherApp\WeatherApp.GTK\WeatherApp.GTK.csproj", "{15CAAE9A-5B32-4FC9-B9F0-D44C006A0679}"
EndProject
Project("{FAE04EC0-301F-11D3-BF4B-00C04F79EFBC}") = "WeatherApp.Gtk.Raspberry", "WeatherApp\WeatherApp.Gtk.Raspberry\WeatherApp.Gtk.Raspberry.csproj", "{C2181E5F-865A-4B95-9F0D-D688F9EBBC36}"
EndProject
Global
	GlobalSection(SolutionConfigurationPlatforms) = preSolution
		Debug|Any CPU = Debug|Any CPU
		Release|Any CPU = Release|Any CPU
		Debug|iPhoneSimulator = Debug|iPhoneSimulator
		Release|iPhone = Release|iPhone
		Release|iPhoneSimulator = Release|iPhoneSimulator
		Debug|iPhone = Debug|iPhone
	EndGlobalSection
	GlobalSection(ProjectConfigurationPlatforms) = postSolution
		{B425ECD7-AFA3-43F2-93D0-05055A9867C2}.Debug|Any CPU.ActiveCfg = Debug|Any CPU
		{B425ECD7-AFA3-43F2-93D0-05055A9867C2}.Debug|Any CPU.Build.0 = Debug|Any CPU
		{B425ECD7-AFA3-43F2-93D0-05055A9867C2}.Debug|iPhone.ActiveCfg = Debug|Any CPU
		{B425ECD7-AFA3-43F2-93D0-05055A9867C2}.Debug|iPhone.Build.0 = Debug|Any CPU
		{B425ECD7-AFA3-43F2-93D0-05055A9867C2}.Debug|iPhoneSimulator.ActiveCfg = Debug|Any CPU
		{B425ECD7-AFA3-43F2-93D0-05055A9867C2}.Debug|iPhoneSimulator.Build.0 = Debug|Any CPU
		{B425ECD7-AFA3-43F2-93D0-05055A9867C2}.Release|Any CPU.ActiveCfg = Release|Any CPU
		{B425ECD7-AFA3-43F2-93D0-05055A9867C2}.Release|Any CPU.Build.0 = Release|Any CPU
		{B425ECD7-AFA3-43F2-93D0-05055A9867C2}.Release|iPhone.ActiveCfg = Release|Any CPU
		{B425ECD7-AFA3-43F2-93D0-05055A9867C2}.Release|iPhone.Build.0 = Release|Any CPU
		{B425ECD7-AFA3-43F2-93D0-05055A9867C2}.Release|iPhoneSimulator.ActiveCfg = Release|Any CPU
		{B425ECD7-AFA3-43F2-93D0-05055A9867C2}.Release|iPhoneSimulator.Build.0 = Release|Any CPU
		{6C871F12-A23B-4974-A3AB-5CBB9D642E41}.Debug|Any CPU.ActiveCfg = Debug|Any CPU
		{6C871F12-A23B-4974-A3AB-5CBB9D642E41}.Debug|Any CPU.Build.0 = Debug|Any CPU
		{6C871F12-A23B-4974-A3AB-5CBB9D642E41}.Debug|iPhone.ActiveCfg = Debug|Any CPU
		{6C871F12-A23B-4974-A3AB-5CBB9D642E41}.Debug|iPhone.Build.0 = Debug|Any CPU
		{6C871F12-A23B-4974-A3AB-5CBB9D642E41}.Debug|iPhoneSimulator.ActiveCfg = Debug|Any CPU
		{6C871F12-A23B-4974-A3AB-5CBB9D642E41}.Debug|iPhoneSimulator.Build.0 = Debug|Any CPU
		{6C871F12-A23B-4974-A3AB-5CBB9D642E41}.Release|Any CPU.ActiveCfg = Release|Any CPU
		{6C871F12-A23B-4974-A3AB-5CBB9D642E41}.Release|Any CPU.Build.0 = Release|Any CPU
		{6C871F12-A23B-4974-A3AB-5CBB9D642E41}.Release|iPhone.ActiveCfg = Release|Any CPU
		{6C871F12-A23B-4974-A3AB-5CBB9D642E41}.Release|iPhone.Build.0 = Release|Any CPU
		{6C871F12-A23B-4974-A3AB-5CBB9D642E41}.Release|iPhoneSimulator.ActiveCfg = Release|Any CPU
		{6C871F12-A23B-4974-A3AB-5CBB9D642E41}.Release|iPhoneSimulator.Build.0 = Release|Any CPU
		{15CAAE9A-5B32-4FC9-B9F0-D44C006A0679}.Debug|Any CPU.ActiveCfg = Debug|Any CPU
		{15CAAE9A-5B32-4FC9-B9F0-D44C006A0679}.Debug|Any CPU.Build.0 = Debug|Any CPU
		{15CAAE9A-5B32-4FC9-B9F0-D44C006A0679}.Debug|iPhone.ActiveCfg = Debug|Any CPU
		{15CAAE9A-5B32-4FC9-B9F0-D44C006A0679}.Debug|iPhone.Build.0 = Debug|Any CPU
		{15CAAE9A-5B32-4FC9-B9F0-D44C006A0679}.Debug|iPhoneSimulator.ActiveCfg = Debug|Any CPU
		{15CAAE9A-5B32-4FC9-B9F0-D44C006A0679}.Debug|iPhoneSimulator.Build.0 = Debug|Any CPU
		{15CAAE9A-5B32-4FC9-B9F0-D44C006A0679}.Release|Any CPU.ActiveCfg = Release|Any CPU
		{15CAAE9A-5B32-4FC9-B9F0-D44C006A0679}.Release|Any CPU.Build.0 = Release|Any CPU
		{15CAAE9A-5B32-4FC9-B9F0-D44C006A0679}.Release|iPhone.ActiveCfg = Release|Any CPU
		{15CAAE9A-5B32-4FC9-B9F0-D44C006A0679}.Release|iPhone.Build.0 = Release|Any CPU
		{15CAAE9A-5B32-4FC9-B9F0-D44C006A0679}.Release|iPhoneSimulator.ActiveCfg = Release|Any CPU
		{15CAAE9A-5B32-4FC9-B9F0-D44C006A0679}.Release|iPhoneSimulator.Build.0 = Release|Any CPU
		{C2181E5F-865A-4B95-9F0D-D688F9EBBC36}.Debug|Any CPU.ActiveCfg = Debug|Any CPU
		{C2181E5F-865A-4B95-9F0D-D688F9EBBC36}.Debug|Any CPU.Build.0 = Debug|Any CPU
		{C2181E5F-865A-4B95-9F0D-D688F9EBBC36}.Debug|iPhone.ActiveCfg = Debug|Any CPU
		{C2181E5F-865A-4B95-9F0D-D688F9EBBC36}.Debug|iPhone.Build.0 = Debug|Any CPU
		{C2181E5F-865A-4B95-9F0D-D688F9EBBC36}.Debug|iPhoneSimulator.ActiveCfg = Debug|Any CPU
		{C2181E5F-865A-4B95-9F0D-D688F9EBBC36}.Debug|iPhoneSimulator.Build.0 = Debug|Any CPU
		{C2181E5F-865A-4B95-9F0D-D688F9EBBC36}.Release|Any CPU.ActiveCfg = Release|Any CPU
		{C2181E5F-865A-4B95-9F0D-D688F9EBBC36}.Release|Any CPU.Build.0 = Release|Any CPU
		{C2181E5F-865A-4B95-9F0D-D688F9EBBC36}.Release|iPhone.ActiveCfg = Release|Any CPU
		{C2181E5F-865A-4B95-9F0D-D688F9EBBC36}.Release|iPhone.Build.0 = Release|Any CPU
		{C2181E5F-865A-4B95-9F0D-D688F9EBBC36}.Release|iPhoneSimulator.ActiveCfg = Release|Any CPU
		{C2181E5F-865A-4B95-9F0D-D688F9EBBC36}.Release|iPhoneSimulator.Build.0 = Release|Any CPU
	EndGlobalSection
	GlobalSection(SolutionProperties) = preSolution
		HideSolutionNode = FALSE
	EndGlobalSection
EndGlobal
