
Microsoft Visual Studio Solution File, Format Version 15.00
# Visual Studio 2017
Project("{FAE04EC0-301F-11D3-BF4B-00C04F79EFBC}") = "Speech.Recognition.Example", "Speech.Recognition.Example.csproj", "{8CA56D08-2BB8-44CF-BE09-77F408497EC4}"
EndProject
Global
	GlobalSection(SolutionConfigurationPlatforms) = preSolution
		Debug|Any CPU = Debug|Any CPU
		Release|Any CPU = Release|Any CPU
	EndGlobalSection
	GlobalSection(ProjectConfigurationPlatforms) = postSolution
		{8CA56D08-2BB8-44CF-BE09-77F408497EC4}.Debug|Any CPU.ActiveCfg = Debug|Any CPU
		{8CA56D08-2BB8-44CF-BE09-77F408497EC4}.Debug|Any CPU.Build.0 = Debug|Any CPU
		{8CA56D08-2BB8-44CF-BE09-77F408497EC4}.Release|Any CPU.ActiveCfg = Release|Any CPU
		{8CA56D08-2BB8-44CF-BE09-77F408497EC4}.Release|Any CPU.Build.0 = Release|Any CPU
	EndGlobalSection
EndGlobal
