
Microsoft Visual Studio Solution File, Format Version 12.00
# Visual Studio 2012
Project("{FAE04EC0-301F-11D3-BF4B-00C04F79EFBC}") = "IoTAzureSqlDatabase.SQLClientExample", "IoTAzureSqlDatabase_SqlClient_Example\IoTAzureSqlDatabase.SQLClientExample.csproj", "{DE5129E3-625B-43B3-90EA-D1BEE06C6338}"
EndProject
Project("{FAE04EC0-301F-11D3-BF4B-00C04F79EFBC}") = "IoTAzureSqlDatabase.EntityFrameworkExample", "IoTAzureSqlDatabase_EntityFramework_Example\IoTAzureSqlDatabase.EntityFrameworkExample.csproj", "{4EBA50EF-808F-4CDE-A882-EB7B5FE68000}"
EndProject
Global
	GlobalSection(SolutionConfigurationPlatforms) = preSolution
		Debug|Any CPU = Debug|Any CPU
		Release|Any CPU = Release|Any CPU
	EndGlobalSection
	GlobalSection(ProjectConfigurationPlatforms) = postSolution
		{DE5129E3-625B-43B3-90EA-D1BEE06C6338}.Debug|Any CPU.ActiveCfg = Debug|Any CPU
		{DE5129E3-625B-43B3-90EA-D1BEE06C6338}.Debug|Any CPU.Build.0 = Debug|Any CPU
		{DE5129E3-625B-43B3-90EA-D1BEE06C6338}.Release|Any CPU.ActiveCfg = Release|Any CPU
		{DE5129E3-625B-43B3-90EA-D1BEE06C6338}.Release|Any CPU.Build.0 = Release|Any CPU
		{4EBA50EF-808F-4CDE-A882-EB7B5FE68000}.Debug|Any CPU.ActiveCfg = Debug|Any CPU
		{4EBA50EF-808F-4CDE-A882-EB7B5FE68000}.Debug|Any CPU.Build.0 = Debug|Any CPU
		{4EBA50EF-808F-4CDE-A882-EB7B5FE68000}.Release|Any CPU.ActiveCfg = Release|Any CPU
		{4EBA50EF-808F-4CDE-A882-EB7B5FE68000}.Release|Any CPU.Build.0 = Release|Any CPU
	EndGlobalSection
EndGlobal
